
Microsoft Visual Studio Solution File, Format Version 12.00
# Visual Studio 15
VisualStudioVersion = 15.0.28307.1500
MinimumVisualStudioVersion = 10.0.40219.1
Project("{9092AA53-FB77-4645-B42D-1CCCA6BD08BD}") = "electronVSDemo", "electronVSDemo\electronVSDemo.njsproj", "{E04FB875-A910-4687-B29A-A3232800F7FB}"
EndProject
Global
	GlobalSection(SolutionConfigurationPlatforms) = preSolution
		Debug|Any CPU = Debug|Any CPU
		Release|Any CPU = Release|Any CPU
	EndGlobalSection
	GlobalSection(ProjectConfigurationPlatforms) = postSolution
		{E04FB875-A910-4687-B29A-A3232800F7FB}.Debug|Any CPU.ActiveCfg = Debug|Any CPU
		{E04FB875-A910-4687-B29A-A3232800F7FB}.Debug|Any CPU.Build.0 = Debug|Any CPU
		{E04FB875-A910-4687-B29A-A3232800F7FB}.Release|Any CPU.ActiveCfg = Release|Any CPU
		{E04FB875-A910-4687-B29A-A3232800F7FB}.Release|Any CPU.Build.0 = Release|Any CPU
	EndGlobalSection
	GlobalSection(SolutionProperties) = preSolution
		HideSolutionNode = FALSE
	EndGlobalSection
	GlobalSection(ExtensibilityGlobals) = postSolution
		SolutionGuid = {91EFA0D0-55F6-4307-9B0B-18037EF23485}
	EndGlobalSection
EndGlobal
